
Microsoft Visual Studio Solution File, Format Version 12.00
# Visual Studio Version 17
VisualStudioVersion = 17.1.32328.378
MinimumVisualStudioVersion = 10.0.40219.1
Project("{FAE04EC0-301F-11D3-BF4B-00C04F79EFBC}") = "Test_App", "Test_App\Test_App.csproj", "{90B7D34D-C7F6-4BCF-88D5-20FF99927438}"
EndProject
Global
	GlobalSection(SolutionConfigurationPlatforms) = preSolution
		Debug|Any CPU = Debug|Any CPU
		Release|Any CPU = Release|Any CPU
	EndGlobalSection
	GlobalSection(ProjectConfigurationPlatforms) = postSolution
		{90B7D34D-C7F6-4BCF-88D5-20FF99927438}.Debug|Any CPU.ActiveCfg = Debug|Any CPU
		{90B7D34D-C7F6-4BCF-88D5-20FF99927438}.Debug|Any CPU.Build.0 = Debug|Any CPU
		{90B7D34D-C7F6-4BCF-88D5-20FF99927438}.Release|Any CPU.ActiveCfg = Release|Any CPU
		{90B7D34D-C7F6-4BCF-88D5-20FF99927438}.Release|Any CPU.Build.0 = Release|Any CPU
	EndGlobalSection
	GlobalSection(SolutionProperties) = preSolution
		HideSolutionNode = FALSE
	EndGlobalSection
	GlobalSection(ExtensibilityGlobals) = postSolution
		SolutionGuid = {813213D7-F272-4114-B0F3-E2522E2EE3F9}
	EndGlobalSection
EndGlobal
